
Microsoft Visual Studio Solution File, Format Version 12.00
# Visual Studio Version 16
VisualStudioVersion = 16.0.31205.134
MinimumVisualStudioVersion = 10.0.40219.1
Project("{FAE04EC0-301F-11D3-BF4B-00C04F79EFBC}") = "CSharpAdvanced", "CSharpAdvanced.csproj", "{FE7A3363-57DB-4CE8-B72E-62C86C856E6B}"
EndProject
Global
	GlobalSection(SolutionConfigurationPlatforms) = preSolution
		Debug|Any CPU = Debug|Any CPU
		Release|Any CPU = Release|Any CPU
	EndGlobalSection
	GlobalSection(ProjectConfigurationPlatforms) = postSolution
		{FE7A3363-57DB-4CE8-B72E-62C86C856E6B}.Debug|Any CPU.ActiveCfg = Debug|Any CPU
		{FE7A3363-57DB-4CE8-B72E-62C86C856E6B}.Debug|Any CPU.Build.0 = Debug|Any CPU
		{FE7A3363-57DB-4CE8-B72E-62C86C856E6B}.Release|Any CPU.ActiveCfg = Release|Any CPU
		{FE7A3363-57DB-4CE8-B72E-62C86C856E6B}.Release|Any CPU.Build.0 = Release|Any CPU
	EndGlobalSection
	GlobalSection(SolutionProperties) = preSolution
		HideSolutionNode = FALSE
	EndGlobalSection
	GlobalSection(ExtensibilityGlobals) = postSolution
		SolutionGuid = {2E1979C3-4D24-4B3F-BEA0-0F262CD21920}
	EndGlobalSection
EndGlobal
